// !$*UTF8*$!
{
	archiveVersion = 1;
	classes = {
	};
	objectVersion = 50;
	objects = {

/* Begin PBXBuildFile section */
		1F86016226941D23009BB302 /* ForecastViewCell.swift in Sources */ = {isa = PBXBuildFile; fileRef = 1F86016026941D23009BB302 /* ForecastViewCell.swift */; };
		1F86016326941D23009BB302 /* ForecastViewCell.xib in Resources */ = {isa = PBXBuildFile; fileRef = 1F86016126941D23009BB302 /* ForecastViewCell.xib */; };
		1F9394902688A02200404BAF /* AppDelegate.swift in Sources */ = {isa = PBXBuildFile; fileRef = 1F93948F2688A02200404BAF /* AppDelegate.swift */; };
		1F9394922688A02200404BAF /* SceneDelegate.swift in Sources */ = {isa = PBXBuildFile; fileRef = 1F9394912688A02200404BAF /* SceneDelegate.swift */; };
		1F9394972688A02200404BAF /* Main.storyboard in Resources */ = {isa = PBXBuildFile; fileRef = 1F9394952688A02200404BAF /* Main.storyboard */; };
		1F9394992688A02300404BAF /* Assets.xcassets in Resources */ = {isa = PBXBuildFile; fileRef = 1F9394982688A02300404BAF /* Assets.xcassets */; };
		1F93949C2688A02300404BAF /* LaunchScreen.storyboard in Resources */ = {isa = PBXBuildFile; fileRef = 1F93949A2688A02300404BAF /* LaunchScreen.storyboard */; };
		1F9394A62688B96600404BAF /* WeatherViewController.swift in Sources */ = {isa = PBXBuildFile; fileRef = 1F9394A52688B96600404BAF /* WeatherViewController.swift */; };
		1F9394AE2688BE5000404BAF /* NetworkService.swift in Sources */ = {isa = PBXBuildFile; fileRef = 1F9394AD2688BE5000404BAF /* NetworkService.swift */; };
		1F9394B62688BF8B00404BAF /* WeatherModel.swift in Sources */ = {isa = PBXBuildFile; fileRef = 1F9394B52688BF8B00404BAF /* WeatherModel.swift */; };
		1FC5DBEE269D927200AC0ACC /* CoreDataManager.swift in Sources */ = {isa = PBXBuildFile; fileRef = 1FC5DBED269D927200AC0ACC /* CoreDataManager.swift */; };
		1FD67A9D2689D8170031C122 /* ForecastHistoryVC.swift in Sources */ = {isa = PBXBuildFile; fileRef = 1FD67A9C2689D8170031C122 /* ForecastHistoryVC.swift */; };
		1FF5751926A0797400E23AFB /* NetworkDataFetcher.swift in Sources */ = {isa = PBXBuildFile; fileRef = 1FF5751826A0797400E23AFB /* NetworkDataFetcher.swift */; };
		1FF5873A269DFD31004266CE /* WeatherCD.xcdatamodeld in Sources */ = {isa = PBXBuildFile; fileRef = 1FF58738269DFD31004266CE /* WeatherCD.xcdatamodeld */; };
		1FF58744269E013D004266CE /* Weather+CoreDataClass.swift in Sources */ = {isa = PBXBuildFile; fileRef = 1FF5873C269E013D004266CE /* Weather+CoreDataClass.swift */; };
		1FF58745269E013D004266CE /* Weather+CoreDataProperties.swift in Sources */ = {isa = PBXBuildFile; fileRef = 1FF5873D269E013D004266CE /* Weather+CoreDataProperties.swift */; };
		1FF58746269E013D004266CE /* Request+CoreDataClass.swift in Sources */ = {isa = PBXBuildFile; fileRef = 1FF5873E269E013D004266CE /* Request+CoreDataClass.swift */; };
		1FF58747269E013D004266CE /* Request+CoreDataProperties.swift in Sources */ = {isa = PBXBuildFile; fileRef = 1FF5873F269E013D004266CE /* Request+CoreDataProperties.swift */; };
		1FF58748269E013D004266CE /* Location+CoreDataClass.swift in Sources */ = {isa = PBXBuildFile; fileRef = 1FF58740269E013D004266CE /* Location+CoreDataClass.swift */; };
		1FF58749269E013D004266CE /* Location+CoreDataProperties.swift in Sources */ = {isa = PBXBuildFile; fileRef = 1FF58741269E013D004266CE /* Location+CoreDataProperties.swift */; };
		1FF5874A269E013D004266CE /* Current+CoreDataClass.swift in Sources */ = {isa = PBXBuildFile; fileRef = 1FF58742269E013D004266CE /* Current+CoreDataClass.swift */; };
		1FF5874B269E013D004266CE /* Current+CoreDataProperties.swift in Sources */ = {isa = PBXBuildFile; fileRef = 1FF58743269E013D004266CE /* Current+CoreDataProperties.swift */; };
/* End PBXBuildFile section */

/* Begin PBXFileReference section */
		1F86016026941D23009BB302 /* ForecastViewCell.swift */ = {isa = PBXFileReference; lastKnownFileType = sourcecode.swift; path = ForecastViewCell.swift; sourceTree = "<group>"; };
		1F86016126941D23009BB302 /* ForecastViewCell.xib */ = {isa = PBXFileReference; lastKnownFileType = file.xib; path = ForecastViewCell.xib; sourceTree = "<group>"; };
		1F93948C2688A02200404BAF /* Weathery.app */ = {isa = PBXFileReference; explicitFileType = wrapper.application; includeInIndex = 0; path = Weathery.app; sourceTree = BUILT_PRODUCTS_DIR; };
		1F93948F2688A02200404BAF /* AppDelegate.swift */ = {isa = PBXFileReference; lastKnownFileType = sourcecode.swift; path = AppDelegate.swift; sourceTree = "<group>"; };
		1F9394912688A02200404BAF /* SceneDelegate.swift */ = {isa = PBXFileReference; lastKnownFileType = sourcecode.swift; path = SceneDelegate.swift; sourceTree = "<group>"; };
		1F9394962688A02200404BAF /* Base */ = {isa = PBXFileReference; lastKnownFileType = file.storyboard; name = Base; path = Base.lproj/Main.storyboard; sourceTree = "<group>"; };
		1F9394982688A02300404BAF /* Assets.xcassets */ = {isa = PBXFileReference; lastKnownFileType = folder.assetcatalog; path = Assets.xcassets; sourceTree = "<group>"; };
		1F93949B2688A02300404BAF /* Base */ = {isa = PBXFileReference; lastKnownFileType = file.storyboard; name = Base; path = Base.lproj/LaunchScreen.storyboard; sourceTree = "<group>"; };
		1F93949D2688A02300404BAF /* Info.plist */ = {isa = PBXFileReference; lastKnownFileType = text.plist.xml; path = Info.plist; sourceTree = "<group>"; };
		1F9394A52688B96600404BAF /* WeatherViewController.swift */ = {isa = PBXFileReference; lastKnownFileType = sourcecode.swift; path = WeatherViewController.swift; sourceTree = "<group>"; };
		1F9394AD2688BE5000404BAF /* NetworkService.swift */ = {isa = PBXFileReference; lastKnownFileType = sourcecode.swift; path = NetworkService.swift; sourceTree = "<group>"; };
		1F9394B52688BF8B00404BAF /* WeatherModel.swift */ = {isa = PBXFileReference; lastKnownFileType = sourcecode.swift; path = WeatherModel.swift; sourceTree = "<group>"; };
		1FC5DBED269D927200AC0ACC /* CoreDataManager.swift */ = {isa = PBXFileReference; lastKnownFileType = sourcecode.swift; path = CoreDataManager.swift; sourceTree = "<group>"; };
		1FD67A9C2689D8170031C122 /* ForecastHistoryVC.swift */ = {isa = PBXFileReference; lastKnownFileType = sourcecode.swift; path = ForecastHistoryVC.swift; sourceTree = "<group>"; };
		1FF5751826A0797400E23AFB /* NetworkDataFetcher.swift */ = {isa = PBXFileReference; lastKnownFileType = sourcecode.swift; path = NetworkDataFetcher.swift; sourceTree = "<group>"; };
		1FF58739269DFD31004266CE /* WeatherCD.xcdatamodel */ = {isa = PBXFileReference; lastKnownFileType = wrapper.xcdatamodel; path = WeatherCD.xcdatamodel; sourceTree = "<group>"; };
		1FF5873C269E013D004266CE /* Weather+CoreDataClass.swift */ = {isa = PBXFileReference; lastKnownFileType = sourcecode.swift; path = "Weather+CoreDataClass.swift"; sourceTree = "<group>"; };
		1FF5873D269E013D004266CE /* Weather+CoreDataProperties.swift */ = {isa = PBXFileReference; lastKnownFileType = sourcecode.swift; path = "Weather+CoreDataProperties.swift"; sourceTree = "<group>"; };
		1FF5873E269E013D004266CE /* Request+CoreDataClass.swift */ = {isa = PBXFileReference; lastKnownFileType = sourcecode.swift; path = "Request+CoreDataClass.swift"; sourceTree = "<group>"; };
		1FF5873F269E013D004266CE /* Request+CoreDataProperties.swift */ = {isa = PBXFileReference; lastKnownFileType = sourcecode.swift; path = "Request+CoreDataProperties.swift"; sourceTree = "<group>"; };
		1FF58740269E013D004266CE /* Location+CoreDataClass.swift */ = {isa = PBXFileReference; lastKnownFileType = sourcecode.swift; path = "Location+CoreDataClass.swift"; sourceTree = "<group>"; };
		1FF58741269E013D004266CE /* Location+CoreDataProperties.swift */ = {isa = PBXFileReference; lastKnownFileType = sourcecode.swift; path = "Location+CoreDataProperties.swift"; sourceTree = "<group>"; };
		1FF58742269E013D004266CE /* Current+CoreDataClass.swift */ = {isa = PBXFileReference; lastKnownFileType = sourcecode.swift; path = "Current+CoreDataClass.swift"; sourceTree = "<group>"; };
		1FF58743269E013D004266CE /* Current+CoreDataProperties.swift */ = {isa = PBXFileReference; lastKnownFileType = sourcecode.swift; path = "Current+CoreDataProperties.swift"; sourceTree = "<group>"; };
/* End PBXFileReference section */

/* Begin PBXFrameworksBuildPhase section */
		1F9394892688A02200404BAF /* Frameworks */ = {
			isa = PBXFrameworksBuildPhase;
			buildActionMask = 2147483647;
			files = (
			);
			runOnlyForDeploymentPostprocessing = 0;
		};
/* End PBXFrameworksBuildPhase section */

/* Begin PBXGroup section */
		1F9394832688A02200404BAF = {
			isa = PBXGroup;
			children = (
				1F93948E2688A02200404BAF /* Weathery */,
				1F93948D2688A02200404BAF /* Products */,
			);
			sourceTree = "<group>";
		};
		1F93948D2688A02200404BAF /* Products */ = {
			isa = PBXGroup;
			children = (
				1F93948C2688A02200404BAF /* Weathery.app */,
			);
			name = Products;
			sourceTree = "<group>";
		};
		1F93948E2688A02200404BAF /* Weathery */ = {
			isa = PBXGroup;
			children = (
				1F9394A92688B97700404BAF /* View */,
				1F9394B42688BF7A00404BAF /* Models */,
				1FF5874E269E019E004266CE /* Services */,
				1F9394AA2688B98600404BAF /* Supporting Files */,
				1F93949D2688A02300404BAF /* Info.plist */,
			);
			path = Weathery;
			sourceTree = "<group>";
		};
		1F9394A92688B97700404BAF /* View */ = {
			isa = PBXGroup;
			children = (
				1F9394A52688B96600404BAF /* WeatherViewController.swift */,
				1FD67A9C2689D8170031C122 /* ForecastHistoryVC.swift */,
				1F86016026941D23009BB302 /* ForecastViewCell.swift */,
				1F86016126941D23009BB302 /* ForecastViewCell.xib */,
				1F9394952688A02200404BAF /* Main.storyboard */,
				1F93949A2688A02300404BAF /* LaunchScreen.storyboard */,
			);
			path = View;
			sourceTree = "<group>";
		};
		1F9394AA2688B98600404BAF /* Supporting Files */ = {
			isa = PBXGroup;
			children = (
				1F93948F2688A02200404BAF /* AppDelegate.swift */,
				1F9394912688A02200404BAF /* SceneDelegate.swift */,
				1F9394982688A02300404BAF /* Assets.xcassets */,
			);
			path = "Supporting Files";
			sourceTree = "<group>";
		};
		1F9394AC2688BE1E00404BAF /* Network */ = {
			isa = PBXGroup;
			children = (
				1F9394AD2688BE5000404BAF /* NetworkService.swift */,
				1FF5751826A0797400E23AFB /* NetworkDataFetcher.swift */,
			);
			path = Network;
			sourceTree = "<group>";
		};
		1F9394B42688BF7A00404BAF /* Models */ = {
			isa = PBXGroup;
			children = (
				1F9394B52688BF8B00404BAF /* WeatherModel.swift */,
				1FD97CC12698CC06008C46C1 /* CoreData */,
			);
			path = Models;
			sourceTree = "<group>";
		};
		1FD97CC12698CC06008C46C1 /* CoreData */ = {
			isa = PBXGroup;
			children = (
				1FF5873C269E013D004266CE /* Weather+CoreDataClass.swift */,
				1FF5873D269E013D004266CE /* Weather+CoreDataProperties.swift */,
				1FF5873E269E013D004266CE /* Request+CoreDataClass.swift */,
				1FF5873F269E013D004266CE /* Request+CoreDataProperties.swift */,
				1FF58740269E013D004266CE /* Location+CoreDataClass.swift */,
				1FF58741269E013D004266CE /* Location+CoreDataProperties.swift */,
				1FF58742269E013D004266CE /* Current+CoreDataClass.swift */,
				1FF58743269E013D004266CE /* Current+CoreDataProperties.swift */,
				1FF58738269DFD31004266CE /* WeatherCD.xcdatamodeld */,
			);
			path = CoreData;
			sourceTree = "<group>";
		};
		1FF5874E269E019E004266CE /* Services */ = {
			isa = PBXGroup;
			children = (
				1FC5DBED269D927200AC0ACC /* CoreDataManager.swift */,
				1F9394AC2688BE1E00404BAF /* Network */,
			);
			path = Services;
			sourceTree = "<group>";
		};
/* End PBXGroup section */

/* Begin PBXNativeTarget section */
		1F93948B2688A02200404BAF /* Weathery */ = {
			isa = PBXNativeTarget;
			buildConfigurationList = 1F9394A02688A02300404BAF /* Build configuration list for PBXNativeTarget "Weathery" */;
			buildPhases = (
				1F9394882688A02200404BAF /* Sources */,
				1F9394892688A02200404BAF /* Frameworks */,
				1F93948A2688A02200404BAF /* Resources */,
			);
			buildRules = (
			);
			dependencies = (
			);
			name = Weathery;
			productName = Weathery;
			productReference = 1F93948C2688A02200404BAF /* Weathery.app */;
			productType = "com.apple.product-type.application";
		};
/* End PBXNativeTarget section */

/* Begin PBXProject section */
		1F9394842688A02200404BAF /* Project object */ = {
			isa = PBXProject;
			attributes = {
				LastSwiftUpdateCheck = 1240;
				LastUpgradeCheck = 1240;
				TargetAttributes = {
					1F93948B2688A02200404BAF = {
						CreatedOnToolsVersion = 12.4;
					};
				};
			};
			buildConfigurationList = 1F9394872688A02200404BAF /* Build configuration list for PBXProject "Weathery" */;
			compatibilityVersion = "Xcode 9.3";
			developmentRegion = en;
			hasScannedForEncodings = 0;
			knownRegions = (
				en,
				Base,
			);
			mainGroup = 1F9394832688A02200404BAF;
			productRefGroup = 1F93948D2688A02200404BAF /* Products */;
			projectDirPath = "";
			projectRoot = "";
			targets = (
				1F93948B2688A02200404BAF /* Weathery */,
			);
		};
/* End PBXProject section */

/* Begin PBXResourcesBuildPhase section */
		1F93948A2688A02200404BAF /* Resources */ = {
			isa = PBXResourcesBuildPhase;
			buildActionMask = 2147483647;
			files = (
				1F93949C2688A02300404BAF /* LaunchScreen.storyboard in Resources */,
				1F9394992688A02300404BAF /* Assets.xcassets in Resources */,
				1F9394972688A02200404BAF /* Main.storyboard in Resources */,
				1F86016326941D23009BB302 /* ForecastViewCell.xib in Resources */,
			);
			runOnlyForDeploymentPostprocessing = 0;
		};
/* End PBXResourcesBuildPhase section */

/* Begin PBXSourcesBuildPhase section */
		1F9394882688A02200404BAF /* Sources */ = {
			isa = PBXSourcesBuildPhase;
			buildActionMask = 2147483647;
			files = (
				1FF58748269E013D004266CE /* Location+CoreDataClass.swift in Sources */,
				1F9394902688A02200404BAF /* AppDelegate.swift in Sources */,
				1F9394A62688B96600404BAF /* WeatherViewController.swift in Sources */,
				1FD67A9D2689D8170031C122 /* ForecastHistoryVC.swift in Sources */,
				1FF58745269E013D004266CE /* Weather+CoreDataProperties.swift in Sources */,
				1F9394AE2688BE5000404BAF /* NetworkService.swift in Sources */,
				1FF5751926A0797400E23AFB /* NetworkDataFetcher.swift in Sources */,
				1F86016226941D23009BB302 /* ForecastViewCell.swift in Sources */,
				1FF5873A269DFD31004266CE /* WeatherCD.xcdatamodeld in Sources */,
				1FF58746269E013D004266CE /* Request+CoreDataClass.swift in Sources */,
				1FF58744269E013D004266CE /* Weather+CoreDataClass.swift in Sources */,
				1FC5DBEE269D927200AC0ACC /* CoreDataManager.swift in Sources */,
				1F9394922688A02200404BAF /* SceneDelegate.swift in Sources */,
				1FF5874B269E013D004266CE /* Current+CoreDataProperties.swift in Sources */,
				1FF58747269E013D004266CE /* Request+CoreDataProperties.swift in Sources */,
				1FF5874A269E013D004266CE /* Current+CoreDataClass.swift in Sources */,
				1F9394B62688BF8B00404BAF /* WeatherModel.swift in Sources */,
				1FF58749269E013D004266CE /* Location+CoreDataProperties.swift in Sources */,
			);
			runOnlyForDeploymentPostprocessing = 0;
		};
/* End PBXSourcesBuildPhase section */

/* Begin PBXVariantGroup section */
		1F9394952688A02200404BAF /* Main.storyboard */ = {
			isa = PBXVariantGroup;
			children = (
				1F9394962688A02200404BAF /* Base */,
			);
			name = Main.storyboard;
			sourceTree = "<group>";
		};
		1F93949A2688A02300404BAF /* LaunchScreen.storyboard */ = {
			isa = PBXVariantGroup;
			children = (
				1F93949B2688A02300404BAF /* Base */,
			);
			name = LaunchScreen.storyboard;
			sourceTree = "<group>";
		};
/* End PBXVariantGroup section */

/* Begin XCBuildConfiguration section */
		1F93949E2688A02300404BAF /* Debug */ = {
			isa = XCBuildConfiguration;
			buildSettings = {
				ALWAYS_SEARCH_USER_PATHS = NO;
				CLANG_ANALYZER_NONNULL = YES;
				CLANG_ANALYZER_NUMBER_OBJECT_CONVERSION = YES_AGGRESSIVE;
				CLANG_CXX_LANGUAGE_STANDARD = "gnu++14";
				CLANG_CXX_LIBRARY = "libc++";
				CLANG_ENABLE_MODULES = YES;
				CLANG_ENABLE_OBJC_ARC = YES;
				CLANG_ENABLE_OBJC_WEAK = YES;
				CLANG_WARN_BLOCK_CAPTURE_AUTORELEASING = YES;
				CLANG_WARN_BOOL_CONVERSION = YES;
				CLANG_WARN_COMMA = YES;
				CLANG_WARN_CONSTANT_CONVERSION = YES;
				CLANG_WARN_DEPRECATED_OBJC_IMPLEMENTATIONS = YES;
				CLANG_WARN_DIRECT_OBJC_ISA_USAGE = YES_ERROR;
				CLANG_WARN_DOCUMENTATION_COMMENTS = YES;
				CLANG_WARN_EMPTY_BODY = YES;
				CLANG_WARN_ENUM_CONVERSION = YES;
				CLANG_WARN_INFINITE_RECURSION = YES;
				CLANG_WARN_INT_CONVERSION = YES;
				CLANG_WARN_NON_LITERAL_NULL_CONVERSION = YES;
				CLANG_WARN_OBJC_IMPLICIT_RETAIN_SELF = YES;
				CLANG_WARN_OBJC_LITERAL_CONVERSION = YES;
				CLANG_WARN_OBJC_ROOT_CLASS = YES_ERROR;
				CLANG_WARN_QUOTED_INCLUDE_IN_FRAMEWORK_HEADER = YES;
				CLANG_WARN_RANGE_LOOP_ANALYSIS = YES;
				CLANG_WARN_STRICT_PROTOTYPES = YES;
				CLANG_WARN_SUSPICIOUS_MOVE = YES;
				CLANG_WARN_UNGUARDED_AVAILABILITY = YES_AGGRESSIVE;
				CLANG_WARN_UNREACHABLE_CODE = YES;
				CLANG_WARN__DUPLICATE_METHOD_MATCH = YES;
				COPY_PHASE_STRIP = NO;
				DEBUG_INFORMATION_FORMAT = dwarf;
				ENABLE_STRICT_OBJC_MSGSEND = YES;
				ENABLE_TESTABILITY = YES;
				GCC_C_LANGUAGE_STANDARD = gnu11;
				GCC_DYNAMIC_NO_PIC = NO;
				GCC_NO_COMMON_BLOCKS = YES;
				GCC_OPTIMIZATION_LEVEL = 0;
				GCC_PREPROCESSOR_DEFINITIONS = (
					"DEBUG=1",
					"$(inherited)",
				);
				GCC_WARN_64_TO_32_BIT_CONVERSION = YES;
				GCC_WARN_ABOUT_RETURN_TYPE = YES_ERROR;
				GCC_WARN_UNDECLARED_SELECTOR = YES;
				GCC_WARN_UNINITIALIZED_AUTOS = YES_AGGRESSIVE;
				GCC_WARN_UNUSED_FUNCTION = YES;
				GCC_WARN_UNUSED_VARIABLE = YES;
				IPHONEOS_DEPLOYMENT_TARGET = 14.4;
				MTL_ENABLE_DEBUG_INFO = INCLUDE_SOURCE;
				MTL_FAST_MATH = YES;
				ONLY_ACTIVE_ARCH = YES;
				SDKROOT = iphoneos;
				SWIFT_ACTIVE_COMPILATION_CONDITIONS = DEBUG;
				SWIFT_OPTIMIZATION_LEVEL = "-Onone";
			};
			name = Debug;
		};
		1F93949F2688A02300404BAF /* Release */ = {
			isa = XCBuildConfiguration;
			buildSettings = {
				ALWAYS_SEARCH_USER_PATHS = NO;
				CLANG_ANALYZER_NONNULL = YES;
				CLANG_ANALYZER_NUMBER_OBJECT_CONVERSION = YES_AGGRESSIVE;
				CLANG_CXX_LANGUAGE_STANDARD = "gnu++14";
				CLANG_CXX_LIBRARY = "libc++";
				CLANG_ENABLE_MODULES = YES;
				CLANG_ENABLE_OBJC_ARC = YES;
				CLANG_ENABLE_OBJC_WEAK = YES;
				CLANG_WARN_BLOCK_CAPTURE_AUTORELEASING = YES;
				CLANG_WARN_BOOL_CONVERSION = YES;
				CLANG_WARN_COMMA = YES;
				CLANG_WARN_CONSTANT_CONVERSION = YES;
				CLANG_WARN_DEPRECATED_OBJC_IMPLEMENTATIONS = YES;
				CLANG_WARN_DIRECT_OBJC_ISA_USAGE = YES_ERROR;
				CLANG_WARN_DOCUMENTATION_COMMENTS = YES;
				CLANG_WARN_EMPTY_BODY = YES;
				CLANG_WARN_ENUM_CONVERSION = YES;
				CLANG_WARN_INFINITE_RECURSION = YES;
				CLANG_WARN_INT_CONVERSION = YES;
				CLANG_WARN_NON_LITERAL_NULL_CONVERSION = YES;
				CLANG_WARN_OBJC_IMPLICIT_RETAIN_SELF = YES;
				CLANG_WARN_OBJC_LITERAL_CONVERSION = YES;
				CLANG_WARN_OBJC_ROOT_CLASS = YES_ERROR;
				CLANG_WARN_QUOTED_INCLUDE_IN_FRAMEWORK_HEADER = YES;
				CLANG_WARN_RANGE_LOOP_ANALYSIS = YES;
				CLANG_WARN_STRICT_PROTOTYPES = YES;
				CLANG_WARN_SUSPICIOUS_MOVE = YES;
				CLANG_WARN_UNGUARDED_AVAILABILITY = YES_AGGRESSIVE;
				CLANG_WARN_UNREACHABLE_CODE = YES;
				CLANG_WARN__DUPLICATE_METHOD_MATCH = YES;
				COPY_PHASE_STRIP = NO;
				DEBUG_INFORMATION_FORMAT = "dwarf-with-dsym";
				ENABLE_NS_ASSERTIONS = NO;
				ENABLE_STRICT_OBJC_MSGSEND = YES;
				GCC_C_LANGUAGE_STANDARD = gnu11;
				GCC_NO_COMMON_BLOCKS = YES;
				GCC_WARN_64_TO_32_BIT_CONVERSION = YES;
				GCC_WARN_ABOUT_RETURN_TYPE = YES_ERROR;
				GCC_WARN_UNDECLARED_SELECTOR = YES;
				GCC_WARN_UNINITIALIZED_AUTOS = YES_AGGRESSIVE;
				GCC_WARN_UNUSED_FUNCTION = YES;
				GCC_WARN_UNUSED_VARIABLE = YES;
				IPHONEOS_DEPLOYMENT_TARGET = 14.4;
				MTL_ENABLE_DEBUG_INFO = NO;
				MTL_FAST_MATH = YES;
				SDKROOT = iphoneos;
				SWIFT_COMPILATION_MODE = wholemodule;
				SWIFT_OPTIMIZATION_LEVEL = "-O";
				VALIDATE_PRODUCT = YES;
			};
			name = Release;
		};
		1F9394A12688A02300404BAF /* Debug */ = {
			isa = XCBuildConfiguration;
			buildSettings = {
				ASSETCATALOG_COMPILER_APPICON_NAME = AppIcon;
				ASSETCATALOG_COMPILER_GLOBAL_ACCENT_COLOR_NAME = AccentColor;
				CODE_SIGN_STYLE = Automatic;
				DEVELOPMENT_TEAM = 67QQ5H3P35;
				INFOPLIST_FILE = Weathery/Info.plist;
				LD_RUNPATH_SEARCH_PATHS = (
					"$(inherited)",
					"@executable_path/Frameworks",
				);
				PRODUCT_BUNDLE_IDENTIFIER = ouro.Weathery;
				PRODUCT_NAME = "$(TARGET_NAME)";
				SWIFT_VERSION = 5.0;
				TARGETED_DEVICE_FAMILY = 1;
			};
			name = Debug;
		};
		1F9394A22688A02300404BAF /* Release */ = {
			isa = XCBuildConfiguration;
			buildSettings = {
				ASSETCATALOG_COMPILER_APPICON_NAME = AppIcon;
				ASSETCATALOG_COMPILER_GLOBAL_ACCENT_COLOR_NAME = AccentColor;
				CODE_SIGN_STYLE = Automatic;
				DEVELOPMENT_TEAM = 67QQ5H3P35;
				INFOPLIST_FILE = Weathery/Info.plist;
				LD_RUNPATH_SEARCH_PATHS = (
					"$(inherited)",
					"@executable_path/Frameworks",
				);
				PRODUCT_BUNDLE_IDENTIFIER = ouro.Weathery;
				PRODUCT_NAME = "$(TARGET_NAME)";
				SWIFT_VERSION = 5.0;
				TARGETED_DEVICE_FAMILY = 1;
			};
			name = Release;
		};
/* End XCBuildConfiguration section */

/* Begin XCConfigurationList section */
		1F9394872688A02200404BAF /* Build configuration list for PBXProject "Weathery" */ = {
			isa = XCConfigurationList;
			buildConfigurations = (
				1F93949E2688A02300404BAF /* Debug */,
				1F93949F2688A02300404BAF /* Release */,
			);
			defaultConfigurationIsVisible = 0;
			defaultConfigurationName = Release;
		};
		1F9394A02688A02300404BAF /* Build configuration list for PBXNativeTarget "Weathery" */ = {
			isa = XCConfigurationList;
			buildConfigurations = (
				1F9394A12688A02300404BAF /* Debug */,
				1F9394A22688A02300404BAF /* Release */,
			);
			defaultConfigurationIsVisible = 0;
			defaultConfigurationName = Release;
		};
/* End XCConfigurationList section */

/* Begin XCVersionGroup section */
		1FF58738269DFD31004266CE /* WeatherCD.xcdatamodeld */ = {
			isa = XCVersionGroup;
			children = (
				1FF58739269DFD31004266CE /* WeatherCD.xcdatamodel */,
			);
			currentVersion = 1FF58739269DFD31004266CE /* WeatherCD.xcdatamodel */;
			path = WeatherCD.xcdatamodeld;
			sourceTree = "<group>";
			versionGroupType = wrapper.xcdatamodel;
		};
/* End XCVersionGroup section */
	};
	rootObject = 1F9394842688A02200404BAF /* Project object */;
}
